
Microsoft Visual Studio Solution File, Format Version 12.00
# Visual Studio Version 17
VisualStudioVersion = 17.4.33110.190
MinimumVisualStudioVersion = 10.0.40219.1
Project("{FAE04EC0-301F-11D3-BF4B-00C04F79EFBC}") = "ConsoleATM", "ConsoleATM\ConsoleATM.csproj", "{B5040997-6C84-4E29-860C-1E486F66375D}"
EndProject
Project("{FAE04EC0-301F-11D3-BF4B-00C04F79EFBC}") = "ATMClassLibrary", "ATMClassLibrary\ATMClassLibrary.csproj", "{5984E886-4C9D-4957-B614-CCA14A55EE1A}"
EndProject
Project("{FAE04EC0-301F-11D3-BF4B-00C04F79EFBC}") = "ATMwpf", "ATMwpf\ATMwpf.csproj", "{23C6F1F3-5556-4C06-B81C-6BF0CBADC34C}"
EndProject
Global
	GlobalSection(SolutionConfigurationPlatforms) = preSolution
		Debug|Any CPU = Debug|Any CPU
		Release|Any CPU = Release|Any CPU
	EndGlobalSection
	GlobalSection(ProjectConfigurationPlatforms) = postSolution
		{B5040997-6C84-4E29-860C-1E486F66375D}.Debug|Any CPU.ActiveCfg = Debug|Any CPU
		{B5040997-6C84-4E29-860C-1E486F66375D}.Debug|Any CPU.Build.0 = Debug|Any CPU
		{B5040997-6C84-4E29-860C-1E486F66375D}.Release|Any CPU.ActiveCfg = Release|Any CPU
		{B5040997-6C84-4E29-860C-1E486F66375D}.Release|Any CPU.Build.0 = Release|Any CPU
		{5984E886-4C9D-4957-B614-CCA14A55EE1A}.Debug|Any CPU.ActiveCfg = Debug|Any CPU
		{5984E886-4C9D-4957-B614-CCA14A55EE1A}.Debug|Any CPU.Build.0 = Debug|Any CPU
		{5984E886-4C9D-4957-B614-CCA14A55EE1A}.Release|Any CPU.ActiveCfg = Release|Any CPU
		{5984E886-4C9D-4957-B614-CCA14A55EE1A}.Release|Any CPU.Build.0 = Release|Any CPU
		{23C6F1F3-5556-4C06-B81C-6BF0CBADC34C}.Debug|Any CPU.ActiveCfg = Debug|Any CPU
		{23C6F1F3-5556-4C06-B81C-6BF0CBADC34C}.Debug|Any CPU.Build.0 = Debug|Any CPU
		{23C6F1F3-5556-4C06-B81C-6BF0CBADC34C}.Release|Any CPU.ActiveCfg = Release|Any CPU
		{23C6F1F3-5556-4C06-B81C-6BF0CBADC34C}.Release|Any CPU.Build.0 = Release|Any CPU
	EndGlobalSection
	GlobalSection(SolutionProperties) = preSolution
		HideSolutionNode = FALSE
	EndGlobalSection
	GlobalSection(ExtensibilityGlobals) = postSolution
		SolutionGuid = {1D127B1F-990D-4C33-9B06-ABA7D3101B18}
	EndGlobalSection
EndGlobal
